
Microsoft Visual Studio Solution File, Format Version 12.00
# Visual Studio 2013
VisualStudioVersion = 12.0.30723.0
MinimumVisualStudioVersion = 10.0.40219.1
Project("{8BC9CEB8-8B4A-11D0-8D11-00A0C91BC942}") = "IOCPServer", "IOCPServer\IOCPServer.vcxproj", "{A38B3470-D4FF-400B-B43C-60A22F5E3EBB}"
EndProject
Project("{8BC9CEB8-8B4A-11D0-8D11-00A0C91BC942}") = "IOCPImpl", "IOCPImpl\IOCPImpl.vcxproj", "{5B97C40B-6D8A-40AB-9A7D-A9900B6C09B3}"
EndProject
Global
	GlobalSection(SolutionConfigurationPlatforms) = preSolution
		Debug|Win32 = Debug|Win32
		Release|Win32 = Release|Win32
	EndGlobalSection
	GlobalSection(ProjectConfigurationPlatforms) = postSolution
		{A38B3470-D4FF-400B-B43C-60A22F5E3EBB}.Debug|Win32.ActiveCfg = Debug|Win32
		{A38B3470-D4FF-400B-B43C-60A22F5E3EBB}.Debug|Win32.Build.0 = Debug|Win32
		{A38B3470-D4FF-400B-B43C-60A22F5E3EBB}.Release|Win32.ActiveCfg = Release|Win32
		{A38B3470-D4FF-400B-B43C-60A22F5E3EBB}.Release|Win32.Build.0 = Release|Win32
		{5B97C40B-6D8A-40AB-9A7D-A9900B6C09B3}.Debug|Win32.ActiveCfg = Debug|Win32
		{5B97C40B-6D8A-40AB-9A7D-A9900B6C09B3}.Debug|Win32.Build.0 = Debug|Win32
		{5B97C40B-6D8A-40AB-9A7D-A9900B6C09B3}.Release|Win32.ActiveCfg = Release|Win32
		{5B97C40B-6D8A-40AB-9A7D-A9900B6C09B3}.Release|Win32.Build.0 = Release|Win32
	EndGlobalSection
	GlobalSection(SolutionProperties) = preSolution
		HideSolutionNode = FALSE
	EndGlobalSection
	GlobalSection(Performance) = preSolution
		HasPerformanceSessions = true
	EndGlobalSection
EndGlobal
